// !$*UTF8*$!
{
	archiveVersion = 1;
	classes = {
	};
	objectVersion = 48;
	objects = {

/* Begin PBXBuildFile section */
		2810898F20D7722800EBEDB0 /* Wait_TimesTests.swift in Sources */ = {isa = PBXBuildFile; fileRef = 2810898E20D7722800EBEDB0 /* Wait_TimesTests.swift */; };
		2816AA61207F4E640014B8DC /* EntryTwoRowTableViewCell.swift in Sources */ = {isa = PBXBuildFile; fileRef = 2816AA60207F4E640014B8DC /* EntryTwoRowTableViewCell.swift */; };
		2816AA63207FD4270014B8DC /* RestaurantWaitTimeController.swift in Sources */ = {isa = PBXBuildFile; fileRef = 2816AA62207FD4270014B8DC /* RestaurantWaitTimeController.swift */; };
		282D31C820C8F72E0038F8E0 /* BaseWaitTimeController.swift in Sources */ = {isa = PBXBuildFile; fileRef = 282D31C720C8F72E0038F8E0 /* BaseWaitTimeController.swift */; };
		282D31CA20C8FBE30038F8E0 /* BasePickerWaitTimeController.swift in Sources */ = {isa = PBXBuildFile; fileRef = 282D31C920C8FBE30038F8E0 /* BasePickerWaitTimeController.swift */; };
		2832BEEC2206762B0071D02D /* TwoRowTopLabelTableViewCell.xib in Resources */ = {isa = PBXBuildFile; fileRef = 2832BEEA2206762A0071D02D /* TwoRowTopLabelTableViewCell.xib */; };
		2832BEED2206762C0071D02D /* TwoRowTopLabelTableViewCell.swift in Sources */ = {isa = PBXBuildFile; fileRef = 2832BEEB2206762B0071D02D /* TwoRowTopLabelTableViewCell.swift */; };
		283404C620C9059C00E8B7F0 /* BaseCategoryController.swift in Sources */ = {isa = PBXBuildFile; fileRef = 283404C520C9059C00E8B7F0 /* BaseCategoryController.swift */; };
		285045A820B6AC1200CF2291 /* AccountViewController.swift in Sources */ = {isa = PBXBuildFile; fileRef = 285045A720B6AC1200CF2291 /* AccountViewController.swift */; };
		285045AB20B7D84900CF2291 /* UITextField+DoneCancelToolbar.swift in Sources */ = {isa = PBXBuildFile; fileRef = 285045AA20B7D84900CF2291 /* UITextField+DoneCancelToolbar.swift */; };
		285045AD20B7FAC900CF2291 /* GoogleService-Info.plist in Resources */ = {isa = PBXBuildFile; fileRef = 285045AC20B7FAC700CF2291 /* GoogleService-Info.plist */; };
		287B85E8216DC8EA00BA951F /* UnverifiedViewController.swift in Sources */ = {isa = PBXBuildFile; fileRef = 287B85E7216DC8EA00BA951F /* UnverifiedViewController.swift */; };
		2882E0E720DA282800A93CDB /* CategoryTableViewCell.xib in Resources */ = {isa = PBXBuildFile; fileRef = 2882E0E620DA282800A93CDB /* CategoryTableViewCell.xib */; };
		2882E0E920DA3A9900A93CDB /* EntryTwoRowTableViewCell.xib in Resources */ = {isa = PBXBuildFile; fileRef = 2882E0E820DA3A9900A93CDB /* EntryTwoRowTableViewCell.xib */; };
		2882E0EC20DA42A800A93CDB /* EntryThreeRowTableViewCell.xib in Resources */ = {isa = PBXBuildFile; fileRef = 2882E0EA20DA42A800A93CDB /* EntryThreeRowTableViewCell.xib */; };
		2882E0ED20DA42A800A93CDB /* EntryThreeRowTableViewCell.swift in Sources */ = {isa = PBXBuildFile; fileRef = 2882E0EB20DA42A800A93CDB /* EntryThreeRowTableViewCell.swift */; };
		2882E0EF20DAF15500A93CDB /* BorderExtension.swift in Sources */ = {isa = PBXBuildFile; fileRef = 2882E0EE20DAF15500A93CDB /* BorderExtension.swift */; };
		289EEFE820F9832E00D01CA8 /* FeedbackViewController.swift in Sources */ = {isa = PBXBuildFile; fileRef = 289EEFE720F9832E00D01CA8 /* FeedbackViewController.swift */; };
		28A68E821FFB54980055193B /* AppDelegate.swift in Sources */ = {isa = PBXBuildFile; fileRef = 28A68E811FFB54980055193B /* AppDelegate.swift */; };
		28A68E841FFB54980055193B /* MenuController.swift in Sources */ = {isa = PBXBuildFile; fileRef = 28A68E831FFB54980055193B /* MenuController.swift */; };
		28A68E871FFB54980055193B /* Main.storyboard in Resources */ = {isa = PBXBuildFile; fileRef = 28A68E851FFB54980055193B /* Main.storyboard */; };
		28A68E891FFB54980055193B /* Assets.xcassets in Resources */ = {isa = PBXBuildFile; fileRef = 28A68E881FFB54980055193B /* Assets.xcassets */; };
		28A68E8C1FFB54980055193B /* LaunchScreen.storyboard in Resources */ = {isa = PBXBuildFile; fileRef = 28A68E8A1FFB54980055193B /* LaunchScreen.storyboard */; };
		28A68E971FFB56EF0055193B /* SWRevealViewController.m in Sources */ = {isa = PBXBuildFile; fileRef = 28A68E961FFB56EF0055193B /* SWRevealViewController.m */; };
		28A68E9A1FFB62130055193B /* CitiesController.swift in Sources */ = {isa = PBXBuildFile; fileRef = 28A68E991FFB62130055193B /* CitiesController.swift */; };
		28A68E9E1FFB62D00055193B /* reveal-icon@2x.png in Resources */ = {isa = PBXBuildFile; fileRef = 28A68E9C1FFB62CF0055193B /* reveal-icon@2x.png */; };
		28A68E9F1FFB62D00055193B /* reveal-icon.png in Resources */ = {isa = PBXBuildFile; fileRef = 28A68E9D1FFB62D00055193B /* reveal-icon.png */; };
		28A68EA11FFB6DB10055193B /* CategoryController.swift in Sources */ = {isa = PBXBuildFile; fileRef = 28A68EA01FFB6DB10055193B /* CategoryController.swift */; };
		28A68EA31FFB705E0055193B /* LocationListController.swift in Sources */ = {isa = PBXBuildFile; fileRef = 28A68EA21FFB705E0055193B /* LocationListController.swift */; };
		28A68EA51FFB707F0055193B /* RestaurantController.swift in Sources */ = {isa = PBXBuildFile; fileRef = 28A68EA41FFB707F0055193B /* RestaurantController.swift */; };
		28ADB49220D24AC700500798 /* SpinnerExtension.swift in Sources */ = {isa = PBXBuildFile; fileRef = 28ADB49120D24AC700500798 /* SpinnerExtension.swift */; };
		28CD669F20B69481001657F7 /* BarController.swift in Sources */ = {isa = PBXBuildFile; fileRef = 28CD669E20B69481001657F7 /* BarController.swift */; };
		28CD66A120B694DF001657F7 /* BarWaitTimeController.swift in Sources */ = {isa = PBXBuildFile; fileRef = 28CD66A020B694DF001657F7 /* BarWaitTimeController.swift */; };
		28CD66A820B699E2001657F7 /* GymWaitTimeController.swift in Sources */ = {isa = PBXBuildFile; fileRef = 28CD66A220B699DF001657F7 /* GymWaitTimeController.swift */; };
		28CD66A920B699E2001657F7 /* LibraryController.swift in Sources */ = {isa = PBXBuildFile; fileRef = 28CD66A320B699E0001657F7 /* LibraryController.swift */; };
		28CD66AA20B699E2001657F7 /* LibraryWaitTimeController.swift in Sources */ = {isa = PBXBuildFile; fileRef = 28CD66A420B699E1001657F7 /* LibraryWaitTimeController.swift */; };
		28CD66AB20B699E2001657F7 /* DiningHallWaitTimeController.swift in Sources */ = {isa = PBXBuildFile; fileRef = 28CD66A520B699E1001657F7 /* DiningHallWaitTimeController.swift */; };
		28CD66AC20B699E2001657F7 /* GymController.swift in Sources */ = {isa = PBXBuildFile; fileRef = 28CD66A620B699E1001657F7 /* GymController.swift */; };
		28CD66AD20B699E2001657F7 /* DiningHallController.swift in Sources */ = {isa = PBXBuildFile; fileRef = 28CD66A720B699E2001657F7 /* DiningHallController.swift */; };
		28D16985217D2B4E009997B0 /* underlineView.swift in Sources */ = {isa = PBXBuildFile; fileRef = 28D16984217D2B4E009997B0 /* underlineView.swift */; };
		28D90E572030BE0400D1EA36 /* CategoryTableViewCell.swift in Sources */ = {isa = PBXBuildFile; fileRef = 28D90E562030BE0400D1EA36 /* CategoryTableViewCell.swift */; };
		28D90E5B2030EC0F00D1EA36 /* AboutViewController.swift in Sources */ = {isa = PBXBuildFile; fileRef = 28D90E5A2030EC0F00D1EA36 /* AboutViewController.swift */; };
		28E9B6C920B8BE1500C5CE72 /* RegisterViewController.swift in Sources */ = {isa = PBXBuildFile; fileRef = 28E9B6C820B8BE1500C5CE72 /* RegisterViewController.swift */; };
		28E9B6CB20B8D0E600C5CE72 /* User.swift in Sources */ = {isa = PBXBuildFile; fileRef = 28E9B6CA20B8D0E600C5CE72 /* User.swift */; };
		28E9B6CD20B8D2F000C5CE72 /* LoginViewController.swift in Sources */ = {isa = PBXBuildFile; fileRef = 28E9B6CC20B8D2F000C5CE72 /* LoginViewController.swift */; };
		28E9B6D020B8D5AA00C5CE72 /* ReplaceSegue.swift in Sources */ = {isa = PBXBuildFile; fileRef = 28E9B6CF20B8D5AA00C5CE72 /* ReplaceSegue.swift */; };
		556E8E0496340AE343CADAFE /* Pods_Wait_Times.framework in Frameworks */ = {isa = PBXBuildFile; fileRef = E11C4714D563AB1A919531FB /* Pods_Wait_Times.framework */; };
/* End PBXBuildFile section */

/* Begin PBXContainerItemProxy section */
		2810899120D7722800EBEDB0 /* PBXContainerItemProxy */ = {
			isa = PBXContainerItemProxy;
			containerPortal = 28A68E761FFB54980055193B /* Project object */;
			proxyType = 1;
			remoteGlobalIDString = 28A68E7D1FFB54980055193B;
			remoteInfo = "Wait-Times";
		};
/* End PBXContainerItemProxy section */

/* Begin PBXFileReference section */
		2810898C20D7722800EBEDB0 /* Wait-TimesTests.xctest */ = {isa = PBXFileReference; explicitFileType = wrapper.cfbundle; includeInIndex = 0; path = "Wait-TimesTests.xctest"; sourceTree = BUILT_PRODUCTS_DIR; };
		2810898E20D7722800EBEDB0 /* Wait_TimesTests.swift */ = {isa = PBXFileReference; lastKnownFileType = sourcecode.swift; path = Wait_TimesTests.swift; sourceTree = "<group>"; };
		2810899020D7722800EBEDB0 /* Info.plist */ = {isa = PBXFileReference; lastKnownFileType = text.plist.xml; path = Info.plist; sourceTree = "<group>"; };
		2816AA60207F4E640014B8DC /* EntryTwoRowTableViewCell.swift */ = {isa = PBXFileReference; lastKnownFileType = sourcecode.swift; path = EntryTwoRowTableViewCell.swift; sourceTree = "<group>"; };
		2816AA62207FD4270014B8DC /* RestaurantWaitTimeController.swift */ = {isa = PBXFileReference; lastKnownFileType = sourcecode.swift; path = RestaurantWaitTimeController.swift; sourceTree = "<group>"; };
		282D31C720C8F72E0038F8E0 /* BaseWaitTimeController.swift */ = {isa = PBXFileReference; lastKnownFileType = sourcecode.swift; path = BaseWaitTimeController.swift; sourceTree = "<group>"; };
		282D31C920C8FBE30038F8E0 /* BasePickerWaitTimeController.swift */ = {isa = PBXFileReference; lastKnownFileType = sourcecode.swift; path = BasePickerWaitTimeController.swift; sourceTree = "<group>"; };
		2832BEEA2206762A0071D02D /* TwoRowTopLabelTableViewCell.xib */ = {isa = PBXFileReference; fileEncoding = 4; lastKnownFileType = file.xib; path = TwoRowTopLabelTableViewCell.xib; sourceTree = "<group>"; };
		2832BEEB2206762B0071D02D /* TwoRowTopLabelTableViewCell.swift */ = {isa = PBXFileReference; fileEncoding = 4; lastKnownFileType = sourcecode.swift; path = TwoRowTopLabelTableViewCell.swift; sourceTree = "<group>"; };
		283404C520C9059C00E8B7F0 /* BaseCategoryController.swift */ = {isa = PBXFileReference; lastKnownFileType = sourcecode.swift; path = BaseCategoryController.swift; sourceTree = "<group>"; };
		285045A720B6AC1200CF2291 /* AccountViewController.swift */ = {isa = PBXFileReference; lastKnownFileType = sourcecode.swift; path = AccountViewController.swift; sourceTree = "<group>"; };
		285045AA20B7D84900CF2291 /* UITextField+DoneCancelToolbar.swift */ = {isa = PBXFileReference; lastKnownFileType = sourcecode.swift; path = "UITextField+DoneCancelToolbar.swift"; sourceTree = "<group>"; };
		285045AC20B7FAC700CF2291 /* GoogleService-Info.plist */ = {isa = PBXFileReference; fileEncoding = 4; lastKnownFileType = text.plist.xml; path = "GoogleService-Info.plist"; sourceTree = "<group>"; };
		287B85E7216DC8EA00BA951F /* UnverifiedViewController.swift */ = {isa = PBXFileReference; lastKnownFileType = sourcecode.swift; path = UnverifiedViewController.swift; sourceTree = "<group>"; };
		2882E0E620DA282800A93CDB /* CategoryTableViewCell.xib */ = {isa = PBXFileReference; lastKnownFileType = file.xib; path = CategoryTableViewCell.xib; sourceTree = "<group>"; };
		2882E0E820DA3A9900A93CDB /* EntryTwoRowTableViewCell.xib */ = {isa = PBXFileReference; fileEncoding = 4; lastKnownFileType = file.xib; path = EntryTwoRowTableViewCell.xib; sourceTree = "<group>"; };
		2882E0EA20DA42A800A93CDB /* EntryThreeRowTableViewCell.xib */ = {isa = PBXFileReference; fileEncoding = 4; lastKnownFileType = file.xib; path = EntryThreeRowTableViewCell.xib; sourceTree = "<group>"; };
		2882E0EB20DA42A800A93CDB /* EntryThreeRowTableViewCell.swift */ = {isa = PBXFileReference; fileEncoding = 4; lastKnownFileType = sourcecode.swift; path = EntryThreeRowTableViewCell.swift; sourceTree = "<group>"; };
		2882E0EE20DAF15500A93CDB /* BorderExtension.swift */ = {isa = PBXFileReference; lastKnownFileType = sourcecode.swift; path = BorderExtension.swift; sourceTree = "<group>"; };
		289EEFE720F9832E00D01CA8 /* FeedbackViewController.swift */ = {isa = PBXFileReference; lastKnownFileType = sourcecode.swift; path = FeedbackViewController.swift; sourceTree = "<group>"; };
		28A68E7E1FFB54980055193B /* Wait-Times.app */ = {isa = PBXFileReference; explicitFileType = wrapper.application; includeInIndex = 0; path = "Wait-Times.app"; sourceTree = BUILT_PRODUCTS_DIR; };
		28A68E811FFB54980055193B /* AppDelegate.swift */ = {isa = PBXFileReference; lastKnownFileType = sourcecode.swift; path = AppDelegate.swift; sourceTree = "<group>"; };
		28A68E831FFB54980055193B /* MenuController.swift */ = {isa = PBXFileReference; lastKnownFileType = sourcecode.swift; path = MenuController.swift; sourceTree = "<group>"; };
		28A68E861FFB54980055193B /* Base */ = {isa = PBXFileReference; lastKnownFileType = file.storyboard; name = Base; path = Base.lproj/Main.storyboard; sourceTree = "<group>"; };
		28A68E881FFB54980055193B /* Assets.xcassets */ = {isa = PBXFileReference; lastKnownFileType = folder.assetcatalog; path = Assets.xcassets; sourceTree = "<group>"; };
		28A68E8B1FFB54980055193B /* Base */ = {isa = PBXFileReference; lastKnownFileType = file.storyboard; name = Base; path = Base.lproj/LaunchScreen.storyboard; sourceTree = "<group>"; };
		28A68E8D1FFB54980055193B /* Info.plist */ = {isa = PBXFileReference; lastKnownFileType = text.plist.xml; path = Info.plist; sourceTree = "<group>"; };
		28A68E941FFB56EE0055193B /* Wait-Times-Bridging-Header.h */ = {isa = PBXFileReference; lastKnownFileType = sourcecode.c.h; path = "Wait-Times-Bridging-Header.h"; sourceTree = "<group>"; };
		28A68E951FFB56EF0055193B /* SWRevealViewController.h */ = {isa = PBXFileReference; fileEncoding = 4; lastKnownFileType = sourcecode.c.h; path = SWRevealViewController.h; sourceTree = "<group>"; };
		28A68E961FFB56EF0055193B /* SWRevealViewController.m */ = {isa = PBXFileReference; fileEncoding = 4; lastKnownFileType = sourcecode.c.objc; path = SWRevealViewController.m; sourceTree = "<group>"; };
		28A68E991FFB62130055193B /* CitiesController.swift */ = {isa = PBXFileReference; lastKnownFileType = sourcecode.swift; path = CitiesController.swift; sourceTree = "<group>"; };
		28A68E9C1FFB62CF0055193B /* reveal-icon@2x.png */ = {isa = PBXFileReference; lastKnownFileType = image.png; path = "reveal-icon@2x.png"; sourceTree = "<group>"; };
		28A68E9D1FFB62D00055193B /* reveal-icon.png */ = {isa = PBXFileReference; lastKnownFileType = image.png; path = "reveal-icon.png"; sourceTree = "<group>"; };
		28A68EA01FFB6DB10055193B /* CategoryController.swift */ = {isa = PBXFileReference; lastKnownFileType = sourcecode.swift; path = CategoryController.swift; sourceTree = "<group>"; };
		28A68EA21FFB705E0055193B /* LocationListController.swift */ = {isa = PBXFileReference; lastKnownFileType = sourcecode.swift; path = LocationListController.swift; sourceTree = "<group>"; };
		28A68EA41FFB707F0055193B /* RestaurantController.swift */ = {isa = PBXFileReference; lastKnownFileType = sourcecode.swift; path = RestaurantController.swift; sourceTree = "<group>"; };
		28ADB49120D24AC700500798 /* SpinnerExtension.swift */ = {isa = PBXFileReference; lastKnownFileType = sourcecode.swift; path = SpinnerExtension.swift; sourceTree = "<group>"; };
		28CD669E20B69481001657F7 /* BarController.swift */ = {isa = PBXFileReference; lastKnownFileType = sourcecode.swift; path = BarController.swift; sourceTree = "<group>"; };
		28CD66A020B694DF001657F7 /* BarWaitTimeController.swift */ = {isa = PBXFileReference; lastKnownFileType = sourcecode.swift; path = BarWaitTimeController.swift; sourceTree = "<group>"; };
		28CD66A220B699DF001657F7 /* GymWaitTimeController.swift */ = {isa = PBXFileReference; fileEncoding = 4; lastKnownFileType = sourcecode.swift; path = GymWaitTimeController.swift; sourceTree = "<group>"; };
		28CD66A320B699E0001657F7 /* LibraryController.swift */ = {isa = PBXFileReference; fileEncoding = 4; lastKnownFileType = sourcecode.swift; path = LibraryController.swift; sourceTree = "<group>"; };
		28CD66A420B699E1001657F7 /* LibraryWaitTimeController.swift */ = {isa = PBXFileReference; fileEncoding = 4; lastKnownFileType = sourcecode.swift; path = LibraryWaitTimeController.swift; sourceTree = "<group>"; };
		28CD66A520B699E1001657F7 /* DiningHallWaitTimeController.swift */ = {isa = PBXFileReference; fileEncoding = 4; lastKnownFileType = sourcecode.swift; path = DiningHallWaitTimeController.swift; sourceTree = "<group>"; };
		28CD66A620B699E1001657F7 /* GymController.swift */ = {isa = PBXFileReference; fileEncoding = 4; lastKnownFileType = sourcecode.swift; path = GymController.swift; sourceTree = "<group>"; };
		28CD66A720B699E2001657F7 /* DiningHallController.swift */ = {isa = PBXFileReference; fileEncoding = 4; lastKnownFileType = sourcecode.swift; path = DiningHallController.swift; sourceTree = "<group>"; };
		28D16984217D2B4E009997B0 /* underlineView.swift */ = {isa = PBXFileReference; lastKnownFileType = sourcecode.swift; path = underlineView.swift; sourceTree = "<group>"; };
		28D90E562030BE0400D1EA36 /* CategoryTableViewCell.swift */ = {isa = PBXFileReference; lastKnownFileType = sourcecode.swift; path = CategoryTableViewCell.swift; sourceTree = "<group>"; };
		28D90E5A2030EC0F00D1EA36 /* AboutViewController.swift */ = {isa = PBXFileReference; lastKnownFileType = sourcecode.swift; path = AboutViewController.swift; sourceTree = "<group>"; };
		28E9B6C720B8B96200C5CE72 /* Wait-Times.entitlements */ = {isa = PBXFileReference; lastKnownFileType = text.plist.entitlements; path = "Wait-Times.entitlements"; sourceTree = "<group>"; };
		28E9B6C820B8BE1500C5CE72 /* RegisterViewController.swift */ = {isa = PBXFileReference; lastKnownFileType = sourcecode.swift; path = RegisterViewController.swift; sourceTree = "<group>"; };
		28E9B6CA20B8D0E600C5CE72 /* User.swift */ = {isa = PBXFileReference; lastKnownFileType = sourcecode.swift; path = User.swift; sourceTree = "<group>"; };
		28E9B6CC20B8D2F000C5CE72 /* LoginViewController.swift */ = {isa = PBXFileReference; lastKnownFileType = sourcecode.swift; path = LoginViewController.swift; sourceTree = "<group>"; };
		28E9B6CF20B8D5AA00C5CE72 /* ReplaceSegue.swift */ = {isa = PBXFileReference; lastKnownFileType = sourcecode.swift; path = ReplaceSegue.swift; sourceTree = "<group>"; };
		61AF143A6AD3B95A51672346 /* Pods-Wait-Times.release.xcconfig */ = {isa = PBXFileReference; includeInIndex = 1; lastKnownFileType = text.xcconfig; name = "Pods-Wait-Times.release.xcconfig"; path = "Pods/Target Support Files/Pods-Wait-Times/Pods-Wait-Times.release.xcconfig"; sourceTree = "<group>"; };
		C155F2DA3207C9B4CFAB2E7C /* Pods-Wait-Times.debug.xcconfig */ = {isa = PBXFileReference; includeInIndex = 1; lastKnownFileType = text.xcconfig; name = "Pods-Wait-Times.debug.xcconfig"; path = "Pods/Target Support Files/Pods-Wait-Times/Pods-Wait-Times.debug.xcconfig"; sourceTree = "<group>"; };
		E11C4714D563AB1A919531FB /* Pods_Wait_Times.framework */ = {isa = PBXFileReference; explicitFileType = wrapper.framework; includeInIndex = 0; path = Pods_Wait_Times.framework; sourceTree = BUILT_PRODUCTS_DIR; };
/* End PBXFileReference section */

/* Begin PBXFrameworksBuildPhase section */
		2810898920D7722800EBEDB0 /* Frameworks */ = {
			isa = PBXFrameworksBuildPhase;
			buildActionMask = 2147483647;
			files = (
			);
			runOnlyForDeploymentPostprocessing = 0;
		};
		28A68E7B1FFB54980055193B /* Frameworks */ = {
			isa = PBXFrameworksBuildPhase;
			buildActionMask = 2147483647;
			files = (
				556E8E0496340AE343CADAFE /* Pods_Wait_Times.framework in Frameworks */,
			);
			runOnlyForDeploymentPostprocessing = 0;
		};
/* End PBXFrameworksBuildPhase section */

/* Begin PBXGroup section */
		1EEC28212053E80FEAB7366F /* Pods */ = {
			isa = PBXGroup;
			children = (
				C155F2DA3207C9B4CFAB2E7C /* Pods-Wait-Times.debug.xcconfig */,
				61AF143A6AD3B95A51672346 /* Pods-Wait-Times.release.xcconfig */,
			);
			name = Pods;
			sourceTree = "<group>";
		};
		2810898D20D7722800EBEDB0 /* Wait-TimesTests */ = {
			isa = PBXGroup;
			children = (
				2810898E20D7722800EBEDB0 /* Wait_TimesTests.swift */,
				2810899020D7722800EBEDB0 /* Info.plist */,
			);
			path = "Wait-TimesTests";
			sourceTree = "<group>";
		};
		2816AA5F207F3BE80014B8DC /* Custom Segues */ = {
			isa = PBXGroup;
			children = (
				28E9B6CF20B8D5AA00C5CE72 /* ReplaceSegue.swift */,
			);
			path = "Custom Segues";
			sourceTree = "<group>";
		};
		282BCB7120C91CBA0055364A /* CategoryControllers */ = {
			isa = PBXGroup;
			children = (
				283404C520C9059C00E8B7F0 /* BaseCategoryController.swift */,
				28A68EA41FFB707F0055193B /* RestaurantController.swift */,
				28CD669E20B69481001657F7 /* BarController.swift */,
				28CD66A320B699E0001657F7 /* LibraryController.swift */,
				28CD66A720B699E2001657F7 /* DiningHallController.swift */,
				28CD66A620B699E1001657F7 /* GymController.swift */,
			);
			path = CategoryControllers;
			sourceTree = "<group>";
		};
		282BCB7220C91CC70055364A /* WaitTimeControllers */ = {
			isa = PBXGroup;
			children = (
				282D31C720C8F72E0038F8E0 /* BaseWaitTimeController.swift */,
				282D31C920C8FBE30038F8E0 /* BasePickerWaitTimeController.swift */,
				2816AA62207FD4270014B8DC /* RestaurantWaitTimeController.swift */,
				28CD66A020B694DF001657F7 /* BarWaitTimeController.swift */,
				28CD66A420B699E1001657F7 /* LibraryWaitTimeController.swift */,
				28CD66A520B699E1001657F7 /* DiningHallWaitTimeController.swift */,
				28CD66A220B699DF001657F7 /* GymWaitTimeController.swift */,
			);
			path = WaitTimeControllers;
			sourceTree = "<group>";
		};
		285045A920B7D82200CF2291 /* Utilities */ = {
			isa = PBXGroup;
			children = (
				28D16984217D2B4E009997B0 /* underlineView.swift */,
				285045AA20B7D84900CF2291 /* UITextField+DoneCancelToolbar.swift */,
				28E9B6CA20B8D0E600C5CE72 /* User.swift */,
				28ADB49120D24AC700500798 /* SpinnerExtension.swift */,
				2882E0EE20DAF15500A93CDB /* BorderExtension.swift */,
			);
			path = Utilities;
			sourceTree = "<group>";
		};
		28A68E751FFB54980055193B = {
			isa = PBXGroup;
			children = (
				28A68E981FFB5BB60055193B /* Wait-Times */,
				28A68E811FFB54980055193B /* AppDelegate.swift */,
				28A68E851FFB54980055193B /* Main.storyboard */,
				28A68E881FFB54980055193B /* Assets.xcassets */,
				28A68E8A1FFB54980055193B /* LaunchScreen.storyboard */,
				2816AA5F207F3BE80014B8DC /* Custom Segues */,
				28D90E552030BC3D00D1EA36 /* Custom Cells */,
				285045A920B7D82200CF2291 /* Utilities */,
				28A68E801FFB54980055193B /* View Controllers */,
				28A68E9B1FFB62B90055193B /* Supporting Files */,
				2810898D20D7722800EBEDB0 /* Wait-TimesTests */,
				28A68E7F1FFB54980055193B /* Products */,
				1EEC28212053E80FEAB7366F /* Pods */,
				F27D6927949F91004765ABF9 /* Frameworks */,
			);
			sourceTree = "<group>";
		};
		28A68E7F1FFB54980055193B /* Products */ = {
			isa = PBXGroup;
			children = (
				28A68E7E1FFB54980055193B /* Wait-Times.app */,
				2810898C20D7722800EBEDB0 /* Wait-TimesTests.xctest */,
			);
			name = Products;
			sourceTree = "<group>";
		};
		28A68E801FFB54980055193B /* View Controllers */ = {
			isa = PBXGroup;
			children = (
				28A68E831FFB54980055193B /* MenuController.swift */,
				28A68E991FFB62130055193B /* CitiesController.swift */,
				28D90E5A2030EC0F00D1EA36 /* AboutViewController.swift */,
				289EEFE720F9832E00D01CA8 /* FeedbackViewController.swift */,
				28A68EA01FFB6DB10055193B /* CategoryController.swift */,
				28A68EA21FFB705E0055193B /* LocationListController.swift */,
				28E9B6D120B9DD8800C5CE72 /* Accounts */,
				282BCB7120C91CBA0055364A /* CategoryControllers */,
				282BCB7220C91CC70055364A /* WaitTimeControllers */,
				28A68E931FFB56AF0055193B /* SWRevealViewController */,
			);
			path = "View Controllers";
			sourceTree = "<group>";
		};
		28A68E931FFB56AF0055193B /* SWRevealViewController */ = {
			isa = PBXGroup;
			children = (
				28A68E941FFB56EE0055193B /* Wait-Times-Bridging-Header.h */,
				28A68E951FFB56EF0055193B /* SWRevealViewController.h */,
				28A68E961FFB56EF0055193B /* SWRevealViewController.m */,
			);
			path = SWRevealViewController;
			sourceTree = "<group>";
		};
		28A68E981FFB5BB60055193B /* Wait-Times */ = {
			isa = PBXGroup;
			children = (
				28E9B6C720B8B96200C5CE72 /* Wait-Times.entitlements */,
				285045AC20B7FAC700CF2291 /* GoogleService-Info.plist */,
				28A68E8D1FFB54980055193B /* Info.plist */,
			);
			path = "Wait-Times";
			sourceTree = "<group>";
		};
		28A68E9B1FFB62B90055193B /* Supporting Files */ = {
			isa = PBXGroup;
			children = (
				28A68E9D1FFB62D00055193B /* reveal-icon.png */,
				28A68E9C1FFB62CF0055193B /* reveal-icon@2x.png */,
			);
			path = "Supporting Files";
			sourceTree = "<group>";
		};
		28D90E552030BC3D00D1EA36 /* Custom Cells */ = {
			isa = PBXGroup;
			children = (
				28D90E562030BE0400D1EA36 /* CategoryTableViewCell.swift */,
				2882E0E620DA282800A93CDB /* CategoryTableViewCell.xib */,
				2816AA60207F4E640014B8DC /* EntryTwoRowTableViewCell.swift */,
				2882E0E820DA3A9900A93CDB /* EntryTwoRowTableViewCell.xib */,
				2882E0EB20DA42A800A93CDB /* EntryThreeRowTableViewCell.swift */,
				2882E0EA20DA42A800A93CDB /* EntryThreeRowTableViewCell.xib */,
				2832BEEB2206762B0071D02D /* TwoRowTopLabelTableViewCell.swift */,
				2832BEEA2206762A0071D02D /* TwoRowTopLabelTableViewCell.xib */,
			);
			path = "Custom Cells";
			sourceTree = "<group>";
		};
		28E9B6D120B9DD8800C5CE72 /* Accounts */ = {
			isa = PBXGroup;
			children = (
				285045A720B6AC1200CF2291 /* AccountViewController.swift */,
				28E9B6C820B8BE1500C5CE72 /* RegisterViewController.swift */,
				28E9B6CC20B8D2F000C5CE72 /* LoginViewController.swift */,
				287B85E7216DC8EA00BA951F /* UnverifiedViewController.swift */,
			);
			path = Accounts;
			sourceTree = "<group>";
		};
		F27D6927949F91004765ABF9 /* Frameworks */ = {
			isa = PBXGroup;
			children = (
				E11C4714D563AB1A919531FB /* Pods_Wait_Times.framework */,
			);
			name = Frameworks;
			sourceTree = "<group>";
		};
/* End PBXGroup section */

/* Begin PBXNativeTarget section */
		2810898B20D7722800EBEDB0 /* Wait-TimesTests */ = {
			isa = PBXNativeTarget;
			buildConfigurationList = 2810899520D7722800EBEDB0 /* Build configuration list for PBXNativeTarget "Wait-TimesTests" */;
			buildPhases = (
				2810898820D7722800EBEDB0 /* Sources */,
				2810898920D7722800EBEDB0 /* Frameworks */,
				2810898A20D7722800EBEDB0 /* Resources */,
			);
			buildRules = (
			);
			dependencies = (
				2810899220D7722800EBEDB0 /* PBXTargetDependency */,
			);
			name = "Wait-TimesTests";
			productName = "Wait-TimesTests";
			productReference = 2810898C20D7722800EBEDB0 /* Wait-TimesTests.xctest */;
			productType = "com.apple.product-type.bundle.unit-test";
		};
		28A68E7D1FFB54980055193B /* Wait-Times */ = {
			isa = PBXNativeTarget;
			buildConfigurationList = 28A68E901FFB54980055193B /* Build configuration list for PBXNativeTarget "Wait-Times" */;
			buildPhases = (
				4F66D1B10D7FC508DDBB7F50 /* [CP] Check Pods Manifest.lock */,
				28A68E7A1FFB54980055193B /* Sources */,
				28A68E7B1FFB54980055193B /* Frameworks */,
				28A68E7C1FFB54980055193B /* Resources */,
				6A8A2DC145B0596B62FA6803 /* [CP] Embed Pods Frameworks */,
			);
			buildRules = (
			);
			dependencies = (
			);
			name = "Wait-Times";
			productName = "Wait-Times";
			productReference = 28A68E7E1FFB54980055193B /* Wait-Times.app */;
			productType = "com.apple.product-type.application";
		};
/* End PBXNativeTarget section */

/* Begin PBXProject section */
		28A68E761FFB54980055193B /* Project object */ = {
			isa = PBXProject;
			attributes = {
				LastSwiftUpdateCheck = 0940;
				LastUpgradeCheck = 0920;
				ORGANIZATIONNAME = "WaitTimes Inc.";
				TargetAttributes = {
					2810898B20D7722800EBEDB0 = {
						CreatedOnToolsVersion = 9.4.1;
						ProvisioningStyle = Automatic;
						TestTargetID = 28A68E7D1FFB54980055193B;
					};
					28A68E7D1FFB54980055193B = {
						CreatedOnToolsVersion = 9.2;
						LastSwiftMigration = 0920;
						ProvisioningStyle = Automatic;
						SystemCapabilities = {
							com.apple.Keychain = {
								enabled = 1;
							};
						};
					};
				};
			};
			buildConfigurationList = 28A68E791FFB54980055193B /* Build configuration list for PBXProject "Wait-Times" */;
			compatibilityVersion = "Xcode 8.0";
			developmentRegion = en;
			hasScannedForEncodings = 0;
			knownRegions = (
				en,
				Base,
			);
			mainGroup = 28A68E751FFB54980055193B;
			productRefGroup = 28A68E7F1FFB54980055193B /* Products */;
			projectDirPath = "";
			projectRoot = "";
			targets = (
				28A68E7D1FFB54980055193B /* Wait-Times */,
				2810898B20D7722800EBEDB0 /* Wait-TimesTests */,
			);
		};
/* End PBXProject section */

/* Begin PBXResourcesBuildPhase section */
		2810898A20D7722800EBEDB0 /* Resources */ = {
			isa = PBXResourcesBuildPhase;
			buildActionMask = 2147483647;
			files = (
			);
			runOnlyForDeploymentPostprocessing = 0;
		};
		28A68E7C1FFB54980055193B /* Resources */ = {
			isa = PBXResourcesBuildPhase;
			buildActionMask = 2147483647;
			files = (
				28A68E9E1FFB62D00055193B /* reveal-icon@2x.png in Resources */,
				2882E0E720DA282800A93CDB /* CategoryTableViewCell.xib in Resources */,
				28A68E8C1FFB54980055193B /* LaunchScreen.storyboard in Resources */,
				28A68E891FFB54980055193B /* Assets.xcassets in Resources */,
				2882E0E920DA3A9900A93CDB /* EntryTwoRowTableViewCell.xib in Resources */,
				28A68E871FFB54980055193B /* Main.storyboard in Resources */,
				2832BEEC2206762B0071D02D /* TwoRowTopLabelTableViewCell.xib in Resources */,
				28A68E9F1FFB62D00055193B /* reveal-icon.png in Resources */,
				285045AD20B7FAC900CF2291 /* GoogleService-Info.plist in Resources */,
				2882E0EC20DA42A800A93CDB /* EntryThreeRowTableViewCell.xib in Resources */,
			);
			runOnlyForDeploymentPostprocessing = 0;
		};
/* End PBXResourcesBuildPhase section */

/* Begin PBXShellScriptBuildPhase section */
		4F66D1B10D7FC508DDBB7F50 /* [CP] Check Pods Manifest.lock */ = {
			isa = PBXShellScriptBuildPhase;
			buildActionMask = 2147483647;
			files = (
			);
			inputPaths = (
				"${PODS_PODFILE_DIR_PATH}/Podfile.lock",
				"${PODS_ROOT}/Manifest.lock",
			);
			name = "[CP] Check Pods Manifest.lock";
			outputPaths = (
				"$(DERIVED_FILE_DIR)/Pods-Wait-Times-checkManifestLockResult.txt",
			);
			runOnlyForDeploymentPostprocessing = 0;
			shellPath = /bin/sh;
			shellScript = "diff \"${PODS_PODFILE_DIR_PATH}/Podfile.lock\" \"${PODS_ROOT}/Manifest.lock\" > /dev/null\nif [ $? != 0 ] ; then\n    # print error to STDERR\n    echo \"error: The sandbox is not in sync with the Podfile.lock. Run 'pod install' or update your CocoaPods installation.\" >&2\n    exit 1\nfi\n# This output is used by Xcode 'outputs' to avoid re-running this script phase.\necho \"SUCCESS\" > \"${SCRIPT_OUTPUT_FILE_0}\"\n";
			showEnvVarsInLog = 0;
		};
		6A8A2DC145B0596B62FA6803 /* [CP] Embed Pods Frameworks */ = {
			isa = PBXShellScriptBuildPhase;
			buildActionMask = 2147483647;
			files = (
			);
			inputPaths = (
				"${SRCROOT}/Pods/Target Support Files/Pods-Wait-Times/Pods-Wait-Times-frameworks.sh",
				"${BUILT_PRODUCTS_DIR}/Cosmos/Cosmos.framework",
				"${BUILT_PRODUCTS_DIR}/GTMSessionFetcher/GTMSessionFetcher.framework",
				"${BUILT_PRODUCTS_DIR}/GoogleToolboxForMac/GoogleToolboxForMac.framework",
				"${BUILT_PRODUCTS_DIR}/leveldb-library/leveldb.framework",
				"${BUILT_PRODUCTS_DIR}/nanopb/nanopb.framework",
			);
			name = "[CP] Embed Pods Frameworks";
			outputPaths = (
				"${TARGET_BUILD_DIR}/${FRAMEWORKS_FOLDER_PATH}/Cosmos.framework",
				"${TARGET_BUILD_DIR}/${FRAMEWORKS_FOLDER_PATH}/GTMSessionFetcher.framework",
				"${TARGET_BUILD_DIR}/${FRAMEWORKS_FOLDER_PATH}/GoogleToolboxForMac.framework",
				"${TARGET_BUILD_DIR}/${FRAMEWORKS_FOLDER_PATH}/leveldb.framework",
				"${TARGET_BUILD_DIR}/${FRAMEWORKS_FOLDER_PATH}/nanopb.framework",
			);
			runOnlyForDeploymentPostprocessing = 0;
			shellPath = /bin/sh;
			shellScript = "\"${SRCROOT}/Pods/Target Support Files/Pods-Wait-Times/Pods-Wait-Times-frameworks.sh\"\n";
			showEnvVarsInLog = 0;
		};
/* End PBXShellScriptBuildPhase section */

/* Begin PBXSourcesBuildPhase section */
		2810898820D7722800EBEDB0 /* Sources */ = {
			isa = PBXSourcesBuildPhase;
			buildActionMask = 2147483647;
			files = (
				2810898F20D7722800EBEDB0 /* Wait_TimesTests.swift in Sources */,
			);
			runOnlyForDeploymentPostprocessing = 0;
		};
		28A68E7A1FFB54980055193B /* Sources */ = {
			isa = PBXSourcesBuildPhase;
			buildActionMask = 2147483647;
			files = (
				2816AA63207FD4270014B8DC /* RestaurantWaitTimeController.swift in Sources */,
				28E9B6C920B8BE1500C5CE72 /* RegisterViewController.swift in Sources */,
				28CD66AC20B699E2001657F7 /* GymController.swift in Sources */,
				28CD66AD20B699E2001657F7 /* DiningHallController.swift in Sources */,
				283404C620C9059C00E8B7F0 /* BaseCategoryController.swift in Sources */,
				28CD66A920B699E2001657F7 /* LibraryController.swift in Sources */,
				28CD66AB20B699E2001657F7 /* DiningHallWaitTimeController.swift in Sources */,
				28D16985217D2B4E009997B0 /* underlineView.swift in Sources */,
				282D31CA20C8FBE30038F8E0 /* BasePickerWaitTimeController.swift in Sources */,
				28A68EA11FFB6DB10055193B /* CategoryController.swift in Sources */,
				2816AA61207F4E640014B8DC /* EntryTwoRowTableViewCell.swift in Sources */,
				2882E0ED20DA42A800A93CDB /* EntryThreeRowTableViewCell.swift in Sources */,
				28ADB49220D24AC700500798 /* SpinnerExtension.swift in Sources */,
				28A68E841FFB54980055193B /* MenuController.swift in Sources */,
				28A68E821FFB54980055193B /* AppDelegate.swift in Sources */,
				285045AB20B7D84900CF2291 /* UITextField+DoneCancelToolbar.swift in Sources */,
				28D90E5B2030EC0F00D1EA36 /* AboutViewController.swift in Sources */,
				28E9B6CD20B8D2F000C5CE72 /* LoginViewController.swift in Sources */,
				28E9B6D020B8D5AA00C5CE72 /* ReplaceSegue.swift in Sources */,
				285045A820B6AC1200CF2291 /* AccountViewController.swift in Sources */,
				28CD66AA20B699E2001657F7 /* LibraryWaitTimeController.swift in Sources */,
				28A68E9A1FFB62130055193B /* CitiesController.swift in Sources */,
				28CD66A820B699E2001657F7 /* GymWaitTimeController.swift in Sources */,
				28A68EA31FFB705E0055193B /* LocationListController.swift in Sources */,
				28A68E971FFB56EF0055193B /* SWRevealViewController.m in Sources */,
				287B85E8216DC8EA00BA951F /* UnverifiedViewController.swift in Sources */,
				28CD66A120B694DF001657F7 /* BarWaitTimeController.swift in Sources */,
				28A68EA51FFB707F0055193B /* RestaurantController.swift in Sources */,
				28D90E572030BE0400D1EA36 /* CategoryTableViewCell.swift in Sources */,
				289EEFE820F9832E00D01CA8 /* FeedbackViewController.swift in Sources */,
				28CD669F20B69481001657F7 /* BarController.swift in Sources */,
				282D31C820C8F72E0038F8E0 /* BaseWaitTimeController.swift in Sources */,
				2882E0EF20DAF15500A93CDB /* BorderExtension.swift in Sources */,
				28E9B6CB20B8D0E600C5CE72 /* User.swift in Sources */,
				2832BEED2206762C0071D02D /* TwoRowTopLabelTableViewCell.swift in Sources */,
			);
			runOnlyForDeploymentPostprocessing = 0;
		};
/* End PBXSourcesBuildPhase section */

/* Begin PBXTargetDependency section */
		2810899220D7722800EBEDB0 /* PBXTargetDependency */ = {
			isa = PBXTargetDependency;
			target = 28A68E7D1FFB54980055193B /* Wait-Times */;
			targetProxy = 2810899120D7722800EBEDB0 /* PBXContainerItemProxy */;
		};
/* End PBXTargetDependency section */

/* Begin PBXVariantGroup section */
		28A68E851FFB54980055193B /* Main.storyboard */ = {
			isa = PBXVariantGroup;
			children = (
				28A68E861FFB54980055193B /* Base */,
			);
			name = Main.storyboard;
			sourceTree = "<group>";
		};
		28A68E8A1FFB54980055193B /* LaunchScreen.storyboard */ = {
			isa = PBXVariantGroup;
			children = (
				28A68E8B1FFB54980055193B /* Base */,
			);
			name = LaunchScreen.storyboard;
			sourceTree = "<group>";
		};
/* End PBXVariantGroup section */

/* Begin XCBuildConfiguration section */
		2810899320D7722800EBEDB0 /* Debug */ = {
			isa = XCBuildConfiguration;
			buildSettings = {
				BUNDLE_LOADER = "$(TEST_HOST)";
				CLANG_ENABLE_OBJC_WEAK = YES;
				CLANG_WARN_DEPRECATED_OBJC_IMPLEMENTATIONS = YES;
				CLANG_WARN_OBJC_IMPLICIT_RETAIN_SELF = YES;
				CODE_SIGN_STYLE = Automatic;
				DEVELOPMENT_TEAM = 6SEJZQ75A6;
				INFOPLIST_FILE = "Wait-TimesTests/Info.plist";
				IPHONEOS_DEPLOYMENT_TARGET = 11.4;
				LD_RUNPATH_SEARCH_PATHS = "$(inherited) @executable_path/Frameworks @loader_path/Frameworks";
				PRODUCT_BUNDLE_IDENTIFIER = "com.myCompany.Wait-TimesTests";
				PRODUCT_NAME = "$(TARGET_NAME)";
				SWIFT_VERSION = 4.0;
				TARGETED_DEVICE_FAMILY = "1,2";
				TEST_HOST = "$(BUILT_PRODUCTS_DIR)/Wait-Times.app/Wait-Times";
			};
			name = Debug;
		};
		2810899420D7722800EBEDB0 /* Release */ = {
			isa = XCBuildConfiguration;
			buildSettings = {
				BUNDLE_LOADER = "$(TEST_HOST)";
				CLANG_ENABLE_OBJC_WEAK = YES;
				CLANG_WARN_DEPRECATED_OBJC_IMPLEMENTATIONS = YES;
				CLANG_WARN_OBJC_IMPLICIT_RETAIN_SELF = YES;
				CODE_SIGN_STYLE = Automatic;
				DEVELOPMENT_TEAM = 6SEJZQ75A6;
				INFOPLIST_FILE = "Wait-TimesTests/Info.plist";
				IPHONEOS_DEPLOYMENT_TARGET = 11.4;
				LD_RUNPATH_SEARCH_PATHS = "$(inherited) @executable_path/Frameworks @loader_path/Frameworks";
				PRODUCT_BUNDLE_IDENTIFIER = "com.myCompany.Wait-TimesTests";
				PRODUCT_NAME = "$(TARGET_NAME)";
				SWIFT_VERSION = 4.0;
				TARGETED_DEVICE_FAMILY = "1,2";
				TEST_HOST = "$(BUILT_PRODUCTS_DIR)/Wait-Times.app/Wait-Times";
			};
			name = Release;
		};
		28A68E8E1FFB54980055193B /* Debug */ = {
			isa = XCBuildConfiguration;
			buildSettings = {
				ALWAYS_SEARCH_USER_PATHS = NO;
				CLANG_ANALYZER_NONNULL = YES;
				CLANG_ANALYZER_NUMBER_OBJECT_CONVERSION = YES_AGGRESSIVE;
				CLANG_CXX_LANGUAGE_STANDARD = "gnu++14";
				CLANG_CXX_LIBRARY = "libc++";
				CLANG_ENABLE_MODULES = YES;
				CLANG_ENABLE_OBJC_ARC = YES;
				CLANG_WARN_BLOCK_CAPTURE_AUTORELEASING = YES;
				CLANG_WARN_BOOL_CONVERSION = YES;
				CLANG_WARN_COMMA = YES;
				CLANG_WARN_CONSTANT_CONVERSION = YES;
				CLANG_WARN_DIRECT_OBJC_ISA_USAGE = YES_ERROR;
				CLANG_WARN_DOCUMENTATION_COMMENTS = YES;
				CLANG_WARN_EMPTY_BODY = YES;
				CLANG_WARN_ENUM_CONVERSION = YES;
				CLANG_WARN_INFINITE_RECURSION = YES;
				CLANG_WARN_INT_CONVERSION = YES;
				CLANG_WARN_NON_LITERAL_NULL_CONVERSION = YES;
				CLANG_WARN_OBJC_LITERAL_CONVERSION = YES;
				CLANG_WARN_OBJC_ROOT_CLASS = YES_ERROR;
				CLANG_WARN_RANGE_LOOP_ANALYSIS = YES;
				CLANG_WARN_STRICT_PROTOTYPES = YES;
				CLANG_WARN_SUSPICIOUS_MOVE = YES;
				CLANG_WARN_UNGUARDED_AVAILABILITY = YES_AGGRESSIVE;
				CLANG_WARN_UNREACHABLE_CODE = YES;
				CLANG_WARN__DUPLICATE_METHOD_MATCH = YES;
				CODE_SIGN_IDENTITY = "iPhone Developer";
				COPY_PHASE_STRIP = NO;
				DEBUG_INFORMATION_FORMAT = dwarf;
				ENABLE_STRICT_OBJC_MSGSEND = YES;
				ENABLE_TESTABILITY = YES;
				GCC_C_LANGUAGE_STANDARD = gnu11;
				GCC_DYNAMIC_NO_PIC = NO;
				GCC_NO_COMMON_BLOCKS = YES;
				GCC_OPTIMIZATION_LEVEL = 0;
				GCC_PREPROCESSOR_DEFINITIONS = (
					"DEBUG=1",
					"$(inherited)",
				);
				GCC_WARN_64_TO_32_BIT_CONVERSION = YES;
				GCC_WARN_ABOUT_RETURN_TYPE = YES_ERROR;
				GCC_WARN_UNDECLARED_SELECTOR = YES;
				GCC_WARN_UNINITIALIZED_AUTOS = YES_AGGRESSIVE;
				GCC_WARN_UNUSED_FUNCTION = YES;
				GCC_WARN_UNUSED_VARIABLE = YES;
				IPHONEOS_DEPLOYMENT_TARGET = 11.2;
				MTL_ENABLE_DEBUG_INFO = YES;
				ONLY_ACTIVE_ARCH = YES;
				SDKROOT = iphoneos;
				SWIFT_ACTIVE_COMPILATION_CONDITIONS = DEBUG;
				SWIFT_OPTIMIZATION_LEVEL = "-Onone";
			};
			name = Debug;
		};
		28A68E8F1FFB54980055193B /* Release */ = {
			isa = XCBuildConfiguration;
			buildSettings = {
				ALWAYS_SEARCH_USER_PATHS = NO;
				CLANG_ANALYZER_NONNULL = YES;
				CLANG_ANALYZER_NUMBER_OBJECT_CONVERSION = YES_AGGRESSIVE;
				CLANG_CXX_LANGUAGE_STANDARD = "gnu++14";
				CLANG_CXX_LIBRARY = "libc++";
				CLANG_ENABLE_MODULES = YES;
				CLANG_ENABLE_OBJC_ARC = YES;
				CLANG_WARN_BLOCK_CAPTURE_AUTORELEASING = YES;
				CLANG_WARN_BOOL_CONVERSION = YES;
				CLANG_WARN_COMMA = YES;
				CLANG_WARN_CONSTANT_CONVERSION = YES;
				CLANG_WARN_DIRECT_OBJC_ISA_USAGE = YES_ERROR;
				CLANG_WARN_DOCUMENTATION_COMMENTS = YES;
				CLANG_WARN_EMPTY_BODY = YES;
				CLANG_WARN_ENUM_CONVERSION = YES;
				CLANG_WARN_INFINITE_RECURSION = YES;
				CLANG_WARN_INT_CONVERSION = YES;
				CLANG_WARN_NON_LITERAL_NULL_CONVERSION = YES;
				CLANG_WARN_OBJC_LITERAL_CONVERSION = YES;
				CLANG_WARN_OBJC_ROOT_CLASS = YES_ERROR;
				CLANG_WARN_RANGE_LOOP_ANALYSIS = YES;
				CLANG_WARN_STRICT_PROTOTYPES = YES;
				CLANG_WARN_SUSPICIOUS_MOVE = YES;
				CLANG_WARN_UNGUARDED_AVAILABILITY = YES_AGGRESSIVE;
				CLANG_WARN_UNREACHABLE_CODE = YES;
				CLANG_WARN__DUPLICATE_METHOD_MATCH = YES;
				CODE_SIGN_IDENTITY = "iPhone Developer";
				COPY_PHASE_STRIP = NO;
				DEBUG_INFORMATION_FORMAT = "dwarf-with-dsym";
				ENABLE_NS_ASSERTIONS = NO;
				ENABLE_STRICT_OBJC_MSGSEND = YES;
				GCC_C_LANGUAGE_STANDARD = gnu11;
				GCC_NO_COMMON_BLOCKS = YES;
				GCC_WARN_64_TO_32_BIT_CONVERSION = YES;
				GCC_WARN_ABOUT_RETURN_TYPE = YES_ERROR;
				GCC_WARN_UNDECLARED_SELECTOR = YES;
				GCC_WARN_UNINITIALIZED_AUTOS = YES_AGGRESSIVE;
				GCC_WARN_UNUSED_FUNCTION = YES;
				GCC_WARN_UNUSED_VARIABLE = YES;
				IPHONEOS_DEPLOYMENT_TARGET = 11.2;
				MTL_ENABLE_DEBUG_INFO = NO;
				SDKROOT = iphoneos;
				SWIFT_OPTIMIZATION_LEVEL = "-Owholemodule";
				VALIDATE_PRODUCT = YES;
			};
			name = Release;
		};
		28A68E911FFB54980055193B /* Debug */ = {
			isa = XCBuildConfiguration;
			baseConfigurationReference = C155F2DA3207C9B4CFAB2E7C /* Pods-Wait-Times.debug.xcconfig */;
			buildSettings = {
				ASSETCATALOG_COMPILER_APPICON_NAME = AppIcon;
				CLANG_ENABLE_MODULES = YES;
				CODE_SIGN_ENTITLEMENTS = "Wait-Times/Wait-Times.entitlements";
				CODE_SIGN_IDENTITY = "iPhone Developer";
				CODE_SIGN_STYLE = Automatic;
				DEVELOPMENT_TEAM = C87K5L3794;
				INFOPLIST_FILE = "Wait-Times/Info.plist";
				IPHONEOS_DEPLOYMENT_TARGET = 11.0;
				LD_RUNPATH_SEARCH_PATHS = "$(inherited) @executable_path/Frameworks";
				PRODUCT_BUNDLE_IDENTIFIER = com.TimeCrunch.TimeCrunch;
				PRODUCT_NAME = "$(TARGET_NAME)";
				PROVISIONING_PROFILE_SPECIFIER = "";
				SWIFT_OBJC_BRIDGING_HEADER = "View Controllers/SWRevealViewController/Wait-Times-Bridging-Header.h";
				SWIFT_OPTIMIZATION_LEVEL = "-Onone";
				SWIFT_VERSION = 4.0;
				TARGETED_DEVICE_FAMILY = 1;
			};
			name = Debug;
		};
		28A68E921FFB54980055193B /* Release */ = {
			isa = XCBuildConfiguration;
			baseConfigurationReference = 61AF143A6AD3B95A51672346 /* Pods-Wait-Times.release.xcconfig */;
			buildSettings = {
				ASSETCATALOG_COMPILER_APPICON_NAME = AppIcon;
				CLANG_ENABLE_MODULES = YES;
				CODE_SIGN_ENTITLEMENTS = "Wait-Times/Wait-Times.entitlements";
				CODE_SIGN_IDENTITY = "iPhone Developer";
				CODE_SIGN_STYLE = Automatic;
				DEVELOPMENT_TEAM = C87K5L3794;
				INFOPLIST_FILE = "Wait-Times/Info.plist";
				IPHONEOS_DEPLOYMENT_TARGET = 11.0;
				LD_RUNPATH_SEARCH_PATHS = "$(inherited) @executable_path/Frameworks";
				PRODUCT_BUNDLE_IDENTIFIER = com.TimeCrunch.TimeCrunch;
				PRODUCT_NAME = "$(TARGET_NAME)";
				PROVISIONING_PROFILE_SPECIFIER = "";
				SWIFT_OBJC_BRIDGING_HEADER = "View Controllers/SWRevealViewController/Wait-Times-Bridging-Header.h";
				SWIFT_VERSION = 4.0;
				TARGETED_DEVICE_FAMILY = 1;
			};
			name = Release;
		};
/* End XCBuildConfiguration section */

/* Begin XCConfigurationList section */
		2810899520D7722800EBEDB0 /* Build configuration list for PBXNativeTarget "Wait-TimesTests" */ = {
			isa = XCConfigurationList;
			buildConfigurations = (
				2810899320D7722800EBEDB0 /* Debug */,
				2810899420D7722800EBEDB0 /* Release */,
			);
			defaultConfigurationIsVisible = 0;
			defaultConfigurationName = Release;
		};
		28A68E791FFB54980055193B /* Build configuration list for PBXProject "Wait-Times" */ = {
			isa = XCConfigurationList;
			buildConfigurations = (
				28A68E8E1FFB54980055193B /* Debug */,
				28A68E8F1FFB54980055193B /* Release */,
			);
			defaultConfigurationIsVisible = 0;
			defaultConfigurationName = Release;
		};
		28A68E901FFB54980055193B /* Build configuration list for PBXNativeTarget "Wait-Times" */ = {
			isa = XCConfigurationList;
			buildConfigurations = (
				28A68E911FFB54980055193B /* Debug */,
				28A68E921FFB54980055193B /* Release */,
			);
			defaultConfigurationIsVisible = 0;
			defaultConfigurationName = Release;
		};
/* End XCConfigurationList section */
	};
	rootObject = 28A68E761FFB54980055193B /* Project object */;
}
